{
  "requires": true,
  "lockfileVersion": 1,
  "dependencies": {
    "serialize-javascript": ">=2.1.1"
    "js-yaml": ">=3.13.1"
    "vue": {
      "version": "2.6.11",
      "resolved": "https://registry.npmjs.org/vue/-/vue-2.6.11.tgz",
      "integrity": "sha512-VfPwgcGABbGAue9+sfrD4PuwFar7gPb1yl1UK1MwXoQPAw0BKSqWfoYCT/ThFrdEVWoI51dBuyCoiNU9bZDZxQ=="
    }
  }
}
